{
  "name": "font-loader",
  "version": "1.0.0",
  "lockfileVersion": 1,
  "requires": true,
  "dependencies": {
    "paper": {
      "version": "0.12.3",
      "resolved": "https://registry.npmjs.org/paper/-/paper-0.12.3.tgz",
      "integrity": "sha512-MBlJ0xKFkU/K0eTk2VoAlNbqbfp7MJMVw7gF6v0pveXrBXrJ+1842YLTm07jjjbVJaQZnLvtecDf6Mbazc3jig=="
    }
  }
}
